Microsoft Visual Studio Solution File, Format Version 12.00
# Visual Studio version comment optional
VisualStudioVersion = 17.0.31912.275
MinimumVisualStudioVersion = 10.0.40219.1
Project("{9A19103F-16F7-4668-BE54-9A1E7A4F7556}") = "SupplyMissionHelper", "SupplyMissionHelper.csproj", "{7E0EF9C5-BA2E-4E6E-8C69-9D9A3D2E0F20}"
EndProject
Global
	GlobalSection(SolutionConfigurationPlatforms) = preSolution
		Debug|Any CPU = Debug|Any CPU
		Release|Any CPU = Release|Any CPU
	EndGlobalSection
	GlobalSection(ProjectConfigurationPlatforms) = postSolution
		{7E0EF9C5-BA2E-4E6E-8C69-9D9A3D2E0F20}.Debug|Any CPU.ActiveCfg = Debug|Any CPU
		{7E0EF9C5-BA2E-4E6E-8C69-9D9A3D2E0F20}.Debug|Any CPU.Build.0 = Debug|Any CPU
		{7E0EF9C5-BA2E-4E6E-8C69-9D9A3D2E0F20}.Release|Any CPU.ActiveCfg = Release|Any CPU
		{7E0EF9C5-BA2E-4E6E-8C69-9D9A3D2E0F20}.Release|Any CPU.Build.0 = Release|Any CPU
	EndGlobalSection
EndGlobal
